
Microsoft Visual Studio Solution File, Format Version 12.00
# Visual Studio 14
VisualStudioVersion = 14.0.25420.1
MinimumVisualStudioVersion = 10.0.40219.1
Project("{FAE04EC0-301F-11D3-BF4B-00C04F79EFBC}") = "testGit3", "testGit3\testGit3.csproj", "{288F37CA-9841-475F-A54C-D3FD95E9C6EA}"
EndProject
Global
	GlobalSection(SolutionConfigurationPlatforms) = preSolution
		Debug|Any CPU = Debug|Any CPU
		Release|Any CPU = Release|Any CPU
	EndGlobalSection
	GlobalSection(ProjectConfigurationPlatforms) = postSolution
		{288F37CA-9841-475F-A54C-D3FD95E9C6EA}.Debug|Any CPU.ActiveCfg = Debug|Any CPU
		{288F37CA-9841-475F-A54C-D3FD95E9C6EA}.Debug|Any CPU.Build.0 = Debug|Any CPU
		{288F37CA-9841-475F-A54C-D3FD95E9C6EA}.Release|Any CPU.ActiveCfg = Release|Any CPU
		{288F37CA-9841-475F-A54C-D3FD95E9C6EA}.Release|Any CPU.Build.0 = Release|Any CPU
	EndGlobalSection
	GlobalSection(SolutionProperties) = preSolution
		HideSolutionNode = FALSE
	EndGlobalSection
EndGlobal
